// !$*UTF8*$!
{
	archiveVersion = 1;
	classes = {
	};
	objectVersion = 56;
	objects = {

/* Begin PBXBuildFile section */
		D28B90632AE8B1C900AF8A0A /* AppDelegate.swift in Sources */ = {isa = PBXBuildFile; fileRef = D28B90622AE8B1C900AF8A0A /* AppDelegate.swift */; };
		D28B90652AE8B1C900AF8A0A /* SceneDelegate.swift in Sources */ = {isa = PBXBuildFile; fileRef = D28B90642AE8B1C900AF8A0A /* SceneDelegate.swift */; };
		D28B90672AE8B1C900AF8A0A /* ViewController.swift in Sources */ = {isa = PBXBuildFile; fileRef = D28B90662AE8B1C900AF8A0A /* ViewController.swift */; };
		D28B906A2AE8B1C900AF8A0A /* Main.storyboard in Resources */ = {isa = PBXBuildFile; fileRef = D28B90682AE8B1C900AF8A0A /* Main.storyboard */; };
		D28B906C2AE8B1CF00AF8A0A /* Assets.xcassets in Resources */ = {isa = PBXBuildFile; fileRef = D28B906B2AE8B1CF00AF8A0A /* Assets.xcassets */; };
		D28B906F2AE8B1CF00AF8A0A /* LaunchScreen.storyboard in Resources */ = {isa = PBXBuildFile; fileRef = D28B906D2AE8B1CF00AF8A0A /* LaunchScreen.storyboard */; };
		D28B908D2AE8B26900AF8A0A /* Differentiator in Frameworks */ = {isa = PBXBuildFile; productRef = D28B908C2AE8B26900AF8A0A /* Differentiator */; };
		D28B908F2AE8B26900AF8A0A /* RxDataSources in Frameworks */ = {isa = PBXBuildFile; productRef = D28B908E2AE8B26900AF8A0A /* RxDataSources */; };
		D28B90922AE8B29200AF8A0A /* SnapKit in Frameworks */ = {isa = PBXBuildFile; productRef = D28B90912AE8B29200AF8A0A /* SnapKit */; };
		D28B90942AE8B29200AF8A0A /* SnapKit-Dynamic in Frameworks */ = {isa = PBXBuildFile; productRef = D28B90932AE8B29200AF8A0A /* SnapKit-Dynamic */; };
		D28B90972AE8DBA300AF8A0A /* RxCocoa in Frameworks */ = {isa = PBXBuildFile; productRef = D28B90962AE8DBA300AF8A0A /* RxCocoa */; };
		D28B90992AE8DBA300AF8A0A /* RxCocoa-Dynamic in Frameworks */ = {isa = PBXBuildFile; productRef = D28B90982AE8DBA300AF8A0A /* RxCocoa-Dynamic */; };
		D28B909B2AE8DBA300AF8A0A /* RxRelay in Frameworks */ = {isa = PBXBuildFile; productRef = D28B909A2AE8DBA300AF8A0A /* RxRelay */; };
		D28B909D2AE8DBA300AF8A0A /* RxRelay-Dynamic in Frameworks */ = {isa = PBXBuildFile; productRef = D28B909C2AE8DBA300AF8A0A /* RxRelay-Dynamic */; };
		D28B909F2AE8DBA300AF8A0A /* RxSwift in Frameworks */ = {isa = PBXBuildFile; productRef = D28B909E2AE8DBA300AF8A0A /* RxSwift */; };
		D28B90A12AE8DBA300AF8A0A /* RxSwift-Dynamic in Frameworks */ = {isa = PBXBuildFile; productRef = D28B90A02AE8DBA300AF8A0A /* RxSwift-Dynamic */; };
		D28B90AF2AE8E67700AF8A0A /* FriendsViewController.swift in Sources */ = {isa = PBXBuildFile; fileRef = D28B90AE2AE8E67700AF8A0A /* FriendsViewController.swift */; };
		D28B90B22AE8F4FE00AF8A0A /* FriendsViewModel.swift in Sources */ = {isa = PBXBuildFile; fileRef = D28B90B12AE8F4FE00AF8A0A /* FriendsViewModel.swift */; };
		D28B90B62AE8F76500AF8A0A /* BaseCellModel.swift in Sources */ = {isa = PBXBuildFile; fileRef = D28B90B32AE8F76500AF8A0A /* BaseCellModel.swift */; };
		D28B90B72AE8F76500AF8A0A /* BaseCell.swift in Sources */ = {isa = PBXBuildFile; fileRef = D28B90B42AE8F76500AF8A0A /* BaseCell.swift */; };
		D28B90B82AE8F76500AF8A0A /* BaseViewController.swift in Sources */ = {isa = PBXBuildFile; fileRef = D28B90B52AE8F76500AF8A0A /* BaseViewController.swift */; };
/* End PBXBuildFile section */

/* Begin PBXFileReference section */
		D28B905F2AE8B1C900AF8A0A /* KOKO_Interview.app */ = {isa = PBXFileReference; explicitFileType = wrapper.application; includeInIndex = 0; path = KOKO_Interview.app; sourceTree = BUILT_PRODUCTS_DIR; };
		D28B90622AE8B1C900AF8A0A /* AppDelegate.swift */ = {isa = PBXFileReference; lastKnownFileType = sourcecode.swift; path = AppDelegate.swift; sourceTree = "<group>"; };
		D28B90642AE8B1C900AF8A0A /* SceneDelegate.swift */ = {isa = PBXFileReference; lastKnownFileType = sourcecode.swift; path = SceneDelegate.swift; sourceTree = "<group>"; };
		D28B90662AE8B1C900AF8A0A /* ViewController.swift */ = {isa = PBXFileReference; lastKnownFileType = sourcecode.swift; path = ViewController.swift; sourceTree = "<group>"; };
		D28B90692AE8B1C900AF8A0A /* Base */ = {isa = PBXFileReference; lastKnownFileType = file.storyboard; name = Base; path = Base.lproj/Main.storyboard; sourceTree = "<group>"; };
		D28B906B2AE8B1CF00AF8A0A /* Assets.xcassets */ = {isa = PBXFileReference; lastKnownFileType = folder.assetcatalog; path = Assets.xcassets; sourceTree = "<group>"; };
		D28B906E2AE8B1CF00AF8A0A /* Base */ = {isa = PBXFileReference; lastKnownFileType = file.storyboard; name = Base; path = Base.lproj/LaunchScreen.storyboard; sourceTree = "<group>"; };
		D28B90702AE8B1CF00AF8A0A /* Info.plist */ = {isa = PBXFileReference; lastKnownFileType = text.plist.xml; path = Info.plist; sourceTree = "<group>"; };
		D28B90AE2AE8E67700AF8A0A /* FriendsViewController.swift */ = {isa = PBXFileReference; lastKnownFileType = sourcecode.swift; path = FriendsViewController.swift; sourceTree = "<group>"; };
		D28B90B12AE8F4FE00AF8A0A /* FriendsViewModel.swift */ = {isa = PBXFileReference; lastKnownFileType = sourcecode.swift; path = FriendsViewModel.swift; sourceTree = "<group>"; };
		D28B90B32AE8F76500AF8A0A /* BaseCellModel.swift */ = {isa = PBXFileReference; fileEncoding = 4; lastKnownFileType = sourcecode.swift; path = BaseCellModel.swift; sourceTree = "<group>"; };
		D28B90B42AE8F76500AF8A0A /* BaseCell.swift */ = {isa = PBXFileReference; fileEncoding = 4; lastKnownFileType = sourcecode.swift; path = BaseCell.swift; sourceTree = "<group>"; };
		D28B90B52AE8F76500AF8A0A /* BaseViewController.swift */ = {isa = PBXFileReference; fileEncoding = 4; lastKnownFileType = sourcecode.swift; path = BaseViewController.swift; sourceTree = "<group>"; };
/* End PBXFileReference section */

/* Begin PBXFrameworksBuildPhase section */
		D28B905C2AE8B1C900AF8A0A /* Frameworks */ = {
			isa = PBXFrameworksBuildPhase;
			buildActionMask = 2147483647;
			files = (
				D28B909F2AE8DBA300AF8A0A /* RxSwift in Frameworks */,
				D28B909D2AE8DBA300AF8A0A /* RxRelay-Dynamic in Frameworks */,
				D28B90922AE8B29200AF8A0A /* SnapKit in Frameworks */,
				D28B908D2AE8B26900AF8A0A /* Differentiator in Frameworks */,
				D28B909B2AE8DBA300AF8A0A /* RxRelay in Frameworks */,
				D28B90972AE8DBA300AF8A0A /* RxCocoa in Frameworks */,
				D28B90A12AE8DBA300AF8A0A /* RxSwift-Dynamic in Frameworks */,
				D28B90942AE8B29200AF8A0A /* SnapKit-Dynamic in Frameworks */,
				D28B90992AE8DBA300AF8A0A /* RxCocoa-Dynamic in Frameworks */,
				D28B908F2AE8B26900AF8A0A /* RxDataSources in Frameworks */,
			);
			runOnlyForDeploymentPostprocessing = 0;
		};
/* End PBXFrameworksBuildPhase section */

/* Begin PBXGroup section */
		D28B90562AE8B1C900AF8A0A = {
			isa = PBXGroup;
			children = (
				D28B90612AE8B1C900AF8A0A /* KOKO_Interview */,
				D28B90602AE8B1C900AF8A0A /* Products */,
			);
			sourceTree = "<group>";
		};
		D28B90602AE8B1C900AF8A0A /* Products */ = {
			isa = PBXGroup;
			children = (
				D28B905F2AE8B1C900AF8A0A /* KOKO_Interview.app */,
			);
			name = Products;
			sourceTree = "<group>";
		};
		D28B90612AE8B1C900AF8A0A /* KOKO_Interview */ = {
			isa = PBXGroup;
			children = (
				D28B90622AE8B1C900AF8A0A /* AppDelegate.swift */,
				D28B90642AE8B1C900AF8A0A /* SceneDelegate.swift */,
				D28B90B92AE8F78800AF8A0A /* Base */,
				D28B90BA2AE8F79700AF8A0A /* Pages */,
				D28B90682AE8B1C900AF8A0A /* Main.storyboard */,
				D28B906B2AE8B1CF00AF8A0A /* Assets.xcassets */,
				D28B906D2AE8B1CF00AF8A0A /* LaunchScreen.storyboard */,
				D28B90702AE8B1CF00AF8A0A /* Info.plist */,
			);
			path = KOKO_Interview;
			sourceTree = "<group>";
		};
		D28B90B92AE8F78800AF8A0A /* Base */ = {
			isa = PBXGroup;
			children = (
				D28B90B42AE8F76500AF8A0A /* BaseCell.swift */,
				D28B90B32AE8F76500AF8A0A /* BaseCellModel.swift */,
				D28B90B52AE8F76500AF8A0A /* BaseViewController.swift */,
			);
			path = Base;
			sourceTree = "<group>";
		};
		D28B90BA2AE8F79700AF8A0A /* Pages */ = {
			isa = PBXGroup;
			children = (
				D28B90662AE8B1C900AF8A0A /* ViewController.swift */,
				D28B90AE2AE8E67700AF8A0A /* FriendsViewController.swift */,
				D28B90B12AE8F4FE00AF8A0A /* FriendsViewModel.swift */,
			);
			path = Pages;
			sourceTree = "<group>";
		};
/* End PBXGroup section */

/* Begin PBXNativeTarget section */
		D28B905E2AE8B1C900AF8A0A /* KOKO_Interview */ = {
			isa = PBXNativeTarget;
			buildConfigurationList = D28B90732AE8B1CF00AF8A0A /* Build configuration list for PBXNativeTarget "KOKO_Interview" */;
			buildPhases = (
				D28B905B2AE8B1C900AF8A0A /* Sources */,
				D28B905C2AE8B1C900AF8A0A /* Frameworks */,
				D28B905D2AE8B1C900AF8A0A /* Resources */,
				D28B90B02AE8E7A000AF8A0A /* SwiftLint */,
			);
			buildRules = (
			);
			dependencies = (
			);
			name = KOKO_Interview;
			packageProductDependencies = (
				D28B908C2AE8B26900AF8A0A /* Differentiator */,
				D28B908E2AE8B26900AF8A0A /* RxDataSources */,
				D28B90912AE8B29200AF8A0A /* SnapKit */,
				D28B90932AE8B29200AF8A0A /* SnapKit-Dynamic */,
				D28B90962AE8DBA300AF8A0A /* RxCocoa */,
				D28B90982AE8DBA300AF8A0A /* RxCocoa-Dynamic */,
				D28B909A2AE8DBA300AF8A0A /* RxRelay */,
				D28B909C2AE8DBA300AF8A0A /* RxRelay-Dynamic */,
				D28B909E2AE8DBA300AF8A0A /* RxSwift */,
				D28B90A02AE8DBA300AF8A0A /* RxSwift-Dynamic */,
			);
			productName = KOKO_Interview;
			productReference = D28B905F2AE8B1C900AF8A0A /* KOKO_Interview.app */;
			productType = "com.apple.product-type.application";
		};
/* End PBXNativeTarget section */

/* Begin PBXProject section */
		D28B90572AE8B1C900AF8A0A /* Project object */ = {
			isa = PBXProject;
			attributes = {
				BuildIndependentTargetsInParallel = 1;
				LastSwiftUpdateCheck = 1500;
				LastUpgradeCheck = 1500;
				TargetAttributes = {
					D28B905E2AE8B1C900AF8A0A = {
						CreatedOnToolsVersion = 15.0.1;
					};
				};
			};
			buildConfigurationList = D28B905A2AE8B1C900AF8A0A /* Build configuration list for PBXProject "KOKO_Interview" */;
			compatibilityVersion = "Xcode 14.0";
			developmentRegion = en;
			hasScannedForEncodings = 0;
			knownRegions = (
				en,
				Base,
			);
			mainGroup = D28B90562AE8B1C900AF8A0A;
			packageReferences = (
				D28B908B2AE8B26900AF8A0A /* XCRemoteSwiftPackageReference "RxDataSources" */,
				D28B90902AE8B29200AF8A0A /* XCRemoteSwiftPackageReference "SnapKit" */,
				D28B90952AE8DBA300AF8A0A /* XCRemoteSwiftPackageReference "RxSwift" */,
			);
			productRefGroup = D28B90602AE8B1C900AF8A0A /* Products */;
			projectDirPath = "";
			projectRoot = "";
			targets = (
				D28B905E2AE8B1C900AF8A0A /* KOKO_Interview */,
			);
		};
/* End PBXProject section */

/* Begin PBXResourcesBuildPhase section */
		D28B905D2AE8B1C900AF8A0A /* Resources */ = {
			isa = PBXResourcesBuildPhase;
			buildActionMask = 2147483647;
			files = (
				D28B906F2AE8B1CF00AF8A0A /* LaunchScreen.storyboard in Resources */,
				D28B906C2AE8B1CF00AF8A0A /* Assets.xcassets in Resources */,
				D28B906A2AE8B1C900AF8A0A /* Main.storyboard in Resources */,
			);
			runOnlyForDeploymentPostprocessing = 0;
		};
/* End PBXResourcesBuildPhase section */

/* Begin PBXShellScriptBuildPhase section */
		D28B90B02AE8E7A000AF8A0A /* SwiftLint */ = {
			isa = PBXShellScriptBuildPhase;
			alwaysOutOfDate = 1;
			buildActionMask = 2147483647;
			files = (
			);
			inputFileListPaths = (
			);
			inputPaths = (
			);
			name = SwiftLint;
			outputFileListPaths = (
			);
			outputPaths = (
			);
			runOnlyForDeploymentPostprocessing = 0;
			shellPath = /bin/sh;
			shellScript = "if which swiftlint > /dev/null; then\n  swiftlint\nelse\n  echo \"warning: SwiftLint not installed, download from https://github.com/realm/SwiftLint\"\nfi\n";
		};
/* End PBXShellScriptBuildPhase section */

/* Begin PBXSourcesBuildPhase section */
		D28B905B2AE8B1C900AF8A0A /* Sources */ = {
			isa = PBXSourcesBuildPhase;
			buildActionMask = 2147483647;
			files = (
				D28B90B62AE8F76500AF8A0A /* BaseCellModel.swift in Sources */,
				D28B90AF2AE8E67700AF8A0A /* FriendsViewController.swift in Sources */,
				D28B90B22AE8F4FE00AF8A0A /* FriendsViewModel.swift in Sources */,
				D28B90672AE8B1C900AF8A0A /* ViewController.swift in Sources */,
				D28B90B72AE8F76500AF8A0A /* BaseCell.swift in Sources */,
				D28B90B82AE8F76500AF8A0A /* BaseViewController.swift in Sources */,
				D28B90632AE8B1C900AF8A0A /* AppDelegate.swift in Sources */,
				D28B90652AE8B1C900AF8A0A /* SceneDelegate.swift in Sources */,
			);
			runOnlyForDeploymentPostprocessing = 0;
		};
/* End PBXSourcesBuildPhase section */

/* Begin PBXVariantGroup section */
		D28B90682AE8B1C900AF8A0A /* Main.storyboard */ = {
			isa = PBXVariantGroup;
			children = (
				D28B90692AE8B1C900AF8A0A /* Base */,
			);
			name = Main.storyboard;
			sourceTree = "<group>";
		};
		D28B906D2AE8B1CF00AF8A0A /* LaunchScreen.storyboard */ = {
			isa = PBXVariantGroup;
			children = (
				D28B906E2AE8B1CF00AF8A0A /* Base */,
			);
			name = LaunchScreen.storyboard;
			sourceTree = "<group>";
		};
/* End PBXVariantGroup section */

/* Begin XCBuildConfiguration section */
		D28B90712AE8B1CF00AF8A0A /* Debug */ = {
			isa = XCBuildConfiguration;
			buildSettings = {
				ALWAYS_SEARCH_USER_PATHS = NO;
				ASSETCATALOG_COMPILER_GENERATE_SWIFT_ASSET_SYMBOL_EXTENSIONS = YES;
				CLANG_ANALYZER_NONNULL = YES;
				CLANG_ANALYZER_NUMBER_OBJECT_CONVERSION = YES_AGGRESSIVE;
				CLANG_CXX_LANGUAGE_STANDARD = "gnu++20";
				CLANG_ENABLE_MODULES = YES;
				CLANG_ENABLE_OBJC_ARC = YES;
				CLANG_ENABLE_OBJC_WEAK = YES;
				CLANG_WARN_BLOCK_CAPTURE_AUTORELEASING = YES;
				CLANG_WARN_BOOL_CONVERSION = YES;
				CLANG_WARN_COMMA = YES;
				CLANG_WARN_CONSTANT_CONVERSION = YES;
				CLANG_WARN_DEPRECATED_OBJC_IMPLEMENTATIONS = YES;
				CLANG_WARN_DIRECT_OBJC_ISA_USAGE = YES_ERROR;
				CLANG_WARN_DOCUMENTATION_COMMENTS = YES;
				CLANG_WARN_EMPTY_BODY = YES;
				CLANG_WARN_ENUM_CONVERSION = YES;
				CLANG_WARN_INFINITE_RECURSION = YES;
				CLANG_WARN_INT_CONVERSION = YES;
				CLANG_WARN_NON_LITERAL_NULL_CONVERSION = YES;
				CLANG_WARN_OBJC_IMPLICIT_RETAIN_SELF = YES;
				CLANG_WARN_OBJC_LITERAL_CONVERSION = YES;
				CLANG_WARN_OBJC_ROOT_CLASS = YES_ERROR;
				CLANG_WARN_QUOTED_INCLUDE_IN_FRAMEWORK_HEADER = YES;
				CLANG_WARN_RANGE_LOOP_ANALYSIS = YES;
				CLANG_WARN_STRICT_PROTOTYPES = YES;
				CLANG_WARN_SUSPICIOUS_MOVE = YES;
				CLANG_WARN_UNGUARDED_AVAILABILITY = YES_AGGRESSIVE;
				CLANG_WARN_UNREACHABLE_CODE = YES;
				CLANG_WARN__DUPLICATE_METHOD_MATCH = YES;
				COPY_PHASE_STRIP = NO;
				DEBUG_INFORMATION_FORMAT = dwarf;
				ENABLE_STRICT_OBJC_MSGSEND = YES;
				ENABLE_TESTABILITY = YES;
				ENABLE_USER_SCRIPT_SANDBOXING = YES;
				GCC_C_LANGUAGE_STANDARD = gnu17;
				GCC_DYNAMIC_NO_PIC = NO;
				GCC_NO_COMMON_BLOCKS = YES;
				GCC_OPTIMIZATION_LEVEL = 0;
				GCC_PREPROCESSOR_DEFINITIONS = (
					"DEBUG=1",
					"$(inherited)",
				);
				GCC_WARN_64_TO_32_BIT_CONVERSION = YES;
				GCC_WARN_ABOUT_RETURN_TYPE = YES_ERROR;
				GCC_WARN_UNDECLARED_SELECTOR = YES;
				GCC_WARN_UNINITIALIZED_AUTOS = YES_AGGRESSIVE;
				GCC_WARN_UNUSED_FUNCTION = YES;
				GCC_WARN_UNUSED_VARIABLE = YES;
				IPHONEOS_DEPLOYMENT_TARGET = 17.0;
				LOCALIZATION_PREFERS_STRING_CATALOGS = YES;
				MTL_ENABLE_DEBUG_INFO = INCLUDE_SOURCE;
				MTL_FAST_MATH = YES;
				ONLY_ACTIVE_ARCH = YES;
				SDKROOT = iphoneos;
				SWIFT_ACTIVE_COMPILATION_CONDITIONS = "DEBUG $(inherited)";
				SWIFT_OPTIMIZATION_LEVEL = "-Onone";
			};
			name = Debug;
		};
		D28B90722AE8B1CF00AF8A0A /* Release */ = {
			isa = XCBuildConfiguration;
			buildSettings = {
				ALWAYS_SEARCH_USER_PATHS = NO;
				ASSETCATALOG_COMPILER_GENERATE_SWIFT_ASSET_SYMBOL_EXTENSIONS = YES;
				CLANG_ANALYZER_NONNULL = YES;
				CLANG_ANALYZER_NUMBER_OBJECT_CONVERSION = YES_AGGRESSIVE;
				CLANG_CXX_LANGUAGE_STANDARD = "gnu++20";
				CLANG_ENABLE_MODULES = YES;
				CLANG_ENABLE_OBJC_ARC = YES;
				CLANG_ENABLE_OBJC_WEAK = YES;
				CLANG_WARN_BLOCK_CAPTURE_AUTORELEASING = YES;
				CLANG_WARN_BOOL_CONVERSION = YES;
				CLANG_WARN_COMMA = YES;
				CLANG_WARN_CONSTANT_CONVERSION = YES;
				CLANG_WARN_DEPRECATED_OBJC_IMPLEMENTATIONS = YES;
				CLANG_WARN_DIRECT_OBJC_ISA_USAGE = YES_ERROR;
				CLANG_WARN_DOCUMENTATION_COMMENTS = YES;
				CLANG_WARN_EMPTY_BODY = YES;
				CLANG_WARN_ENUM_CONVERSION = YES;
				CLANG_WARN_INFINITE_RECURSION = YES;
				CLANG_WARN_INT_CONVERSION = YES;
				CLANG_WARN_NON_LITERAL_NULL_CONVERSION = YES;
				CLANG_WARN_OBJC_IMPLICIT_RETAIN_SELF = YES;
				CLANG_WARN_OBJC_LITERAL_CONVERSION = YES;
				CLANG_WARN_OBJC_ROOT_CLASS = YES_ERROR;
				CLANG_WARN_QUOTED_INCLUDE_IN_FRAMEWORK_HEADER = YES;
				CLANG_WARN_RANGE_LOOP_ANALYSIS = YES;
				CLANG_WARN_STRICT_PROTOTYPES = YES;
				CLANG_WARN_SUSPICIOUS_MOVE = YES;
				CLANG_WARN_UNGUARDED_AVAILABILITY = YES_AGGRESSIVE;
				CLANG_WARN_UNREACHABLE_CODE = YES;
				CLANG_WARN__DUPLICATE_METHOD_MATCH = YES;
				COPY_PHASE_STRIP = NO;
				DEBUG_INFORMATION_FORMAT = "dwarf-with-dsym";
				ENABLE_NS_ASSERTIONS = NO;
				ENABLE_STRICT_OBJC_MSGSEND = YES;
				ENABLE_USER_SCRIPT_SANDBOXING = YES;
				GCC_C_LANGUAGE_STANDARD = gnu17;
				GCC_NO_COMMON_BLOCKS = YES;
				GCC_WARN_64_TO_32_BIT_CONVERSION = YES;
				GCC_WARN_ABOUT_RETURN_TYPE = YES_ERROR;
				GCC_WARN_UNDECLARED_SELECTOR = YES;
				GCC_WARN_UNINITIALIZED_AUTOS = YES_AGGRESSIVE;
				GCC_WARN_UNUSED_FUNCTION = YES;
				GCC_WARN_UNUSED_VARIABLE = YES;
				IPHONEOS_DEPLOYMENT_TARGET = 17.0;
				LOCALIZATION_PREFERS_STRING_CATALOGS = YES;
				MTL_ENABLE_DEBUG_INFO = NO;
				MTL_FAST_MATH = YES;
				SDKROOT = iphoneos;
				SWIFT_COMPILATION_MODE = wholemodule;
				VALIDATE_PRODUCT = YES;
			};
			name = Release;
		};
		D28B90742AE8B1CF00AF8A0A /* Debug */ = {
			isa = XCBuildConfiguration;
			buildSettings = {
				ASSETCATALOG_COMPILER_APPICON_NAME = AppIcon;
				ASSETCATALOG_COMPILER_GLOBAL_ACCENT_COLOR_NAME = AccentColor;
				CODE_SIGN_STYLE = Automatic;
				CURRENT_PROJECT_VERSION = 1;
				ENABLE_USER_SCRIPT_SANDBOXING = NO;
				GENERATE_INFOPLIST_FILE = YES;
				INFOPLIST_FILE = KOKO_Interview/Info.plist;
				INFOPLIST_KEY_UIApplicationSupportsIndirectInputEvents = YES;
				INFOPLIST_KEY_UILaunchStoryboardName = LaunchScreen;
				INFOPLIST_KEY_UIMainStoryboardFile = Main;
				INFOPLIST_KEY_UISupportedInterfaceOrientations_iPad = "UIInterfaceOrientationPortrait UIInterfaceOrientationPortraitUpsideDown UIInterfaceOrientationLandscapeLeft UIInterfaceOrientationLandscapeRight";
				INFOPLIST_KEY_UISupportedInterfaceOrientations_iPhone = "UIInterfaceOrientationPortrait UIInterfaceOrientationLandscapeLeft UIInterfaceOrientationLandscapeRight";
				LD_RUNPATH_SEARCH_PATHS = (
					"$(inherited)",
					"@executable_path/Frameworks",
				);
				MARKETING_VERSION = 1.0;
				PRODUCT_BUNDLE_IDENTIFIER = "com.tpisoftware.KOKO-Interview";
				PRODUCT_NAME = "$(TARGET_NAME)";
				SWIFT_EMIT_LOC_STRINGS = YES;
				SWIFT_VERSION = 5.0;
				TARGETED_DEVICE_FAMILY = "1,2";
			};
			name = Debug;
		};
		D28B90752AE8B1CF00AF8A0A /* Release */ = {
			isa = XCBuildConfiguration;
			buildSettings = {
				ASSETCATALOG_COMPILER_APPICON_NAME = AppIcon;
				ASSETCATALOG_COMPILER_GLOBAL_ACCENT_COLOR_NAME = AccentColor;
				CODE_SIGN_STYLE = Automatic;
				CURRENT_PROJECT_VERSION = 1;
				ENABLE_USER_SCRIPT_SANDBOXING = NO;
				GENERATE_INFOPLIST_FILE = YES;
				INFOPLIST_FILE = KOKO_Interview/Info.plist;
				INFOPLIST_KEY_UIApplicationSupportsIndirectInputEvents = YES;
				INFOPLIST_KEY_UILaunchStoryboardName = LaunchScreen;
				INFOPLIST_KEY_UIMainStoryboardFile = Main;
				INFOPLIST_KEY_UISupportedInterfaceOrientations_iPad = "UIInterfaceOrientationPortrait UIInterfaceOrientationPortraitUpsideDown UIInterfaceOrientationLandscapeLeft UIInterfaceOrientationLandscapeRight";
				INFOPLIST_KEY_UISupportedInterfaceOrientations_iPhone = "UIInterfaceOrientationPortrait UIInterfaceOrientationLandscapeLeft UIInterfaceOrientationLandscapeRight";
				LD_RUNPATH_SEARCH_PATHS = (
					"$(inherited)",
					"@executable_path/Frameworks",
				);
				MARKETING_VERSION = 1.0;
				PRODUCT_BUNDLE_IDENTIFIER = "com.tpisoftware.KOKO-Interview";
				PRODUCT_NAME = "$(TARGET_NAME)";
				SWIFT_EMIT_LOC_STRINGS = YES;
				SWIFT_VERSION = 5.0;
				TARGETED_DEVICE_FAMILY = "1,2";
			};
			name = Release;
		};
/* End XCBuildConfiguration section */

/* Begin XCConfigurationList section */
		D28B905A2AE8B1C900AF8A0A /* Build configuration list for PBXProject "KOKO_Interview" */ = {
			isa = XCConfigurationList;
			buildConfigurations = (
				D28B90712AE8B1CF00AF8A0A /* Debug */,
				D28B90722AE8B1CF00AF8A0A /* Release */,
			);
			defaultConfigurationIsVisible = 0;
			defaultConfigurationName = Release;
		};
		D28B90732AE8B1CF00AF8A0A /* Build configuration list for PBXNativeTarget "KOKO_Interview" */ = {
			isa = XCConfigurationList;
			buildConfigurations = (
				D28B90742AE8B1CF00AF8A0A /* Debug */,
				D28B90752AE8B1CF00AF8A0A /* Release */,
			);
			defaultConfigurationIsVisible = 0;
			defaultConfigurationName = Release;
		};
/* End XCConfigurationList section */

/* Begin XCRemoteSwiftPackageReference section */
		D28B908B2AE8B26900AF8A0A /* XCRemoteSwiftPackageReference "RxDataSources" */ = {
			isa = XCRemoteSwiftPackageReference;
			repositoryURL = "https://github.com/RxSwiftCommunity/RxDataSources";
			requirement = {
				kind = upToNextMajorVersion;
				minimumVersion = 5.0.2;
			};
		};
		D28B90902AE8B29200AF8A0A /* XCRemoteSwiftPackageReference "SnapKit" */ = {
			isa = XCRemoteSwiftPackageReference;
			repositoryURL = "https://github.com/SnapKit/SnapKit";
			requirement = {
				kind = upToNextMajorVersion;
				minimumVersion = 5.6.0;
			};
		};
		D28B90952AE8DBA300AF8A0A /* XCRemoteSwiftPackageReference "RxSwift" */ = {
			isa = XCRemoteSwiftPackageReference;
			repositoryURL = "https://github.com/ReactiveX/RxSwift";
			requirement = {
				kind = upToNextMajorVersion;
				minimumVersion = 6.6.0;
			};
		};
/* End XCRemoteSwiftPackageReference section */

/* Begin XCSwiftPackageProductDependency section */
		D28B908C2AE8B26900AF8A0A /* Differentiator */ = {
			isa = XCSwiftPackageProductDependency;
			package = D28B908B2AE8B26900AF8A0A /* XCRemoteSwiftPackageReference "RxDataSources" */;
			productName = Differentiator;
		};
		D28B908E2AE8B26900AF8A0A /* RxDataSources */ = {
			isa = XCSwiftPackageProductDependency;
			package = D28B908B2AE8B26900AF8A0A /* XCRemoteSwiftPackageReference "RxDataSources" */;
			productName = RxDataSources;
		};
		D28B90912AE8B29200AF8A0A /* SnapKit */ = {
			isa = XCSwiftPackageProductDependency;
			package = D28B90902AE8B29200AF8A0A /* XCRemoteSwiftPackageReference "SnapKit" */;
			productName = SnapKit;
		};
		D28B90932AE8B29200AF8A0A /* SnapKit-Dynamic */ = {
			isa = XCSwiftPackageProductDependency;
			package = D28B90902AE8B29200AF8A0A /* XCRemoteSwiftPackageReference "SnapKit" */;
			productName = "SnapKit-Dynamic";
		};
		D28B90962AE8DBA300AF8A0A /* RxCocoa */ = {
			isa = XCSwiftPackageProductDependency;
			package = D28B90952AE8DBA300AF8A0A /* XCRemoteSwiftPackageReference "RxSwift" */;
			productName = RxCocoa;
		};
		D28B90982AE8DBA300AF8A0A /* RxCocoa-Dynamic */ = {
			isa = XCSwiftPackageProductDependency;
			package = D28B90952AE8DBA300AF8A0A /* XCRemoteSwiftPackageReference "RxSwift" */;
			productName = "RxCocoa-Dynamic";
		};
		D28B909A2AE8DBA300AF8A0A /* RxRelay */ = {
			isa = XCSwiftPackageProductDependency;
			package = D28B90952AE8DBA300AF8A0A /* XCRemoteSwiftPackageReference "RxSwift" */;
			productName = RxRelay;
		};
		D28B909C2AE8DBA300AF8A0A /* RxRelay-Dynamic */ = {
			isa = XCSwiftPackageProductDependency;
			package = D28B90952AE8DBA300AF8A0A /* XCRemoteSwiftPackageReference "RxSwift" */;
			productName = "RxRelay-Dynamic";
		};
		D28B909E2AE8DBA300AF8A0A /* RxSwift */ = {
			isa = XCSwiftPackageProductDependency;
			package = D28B90952AE8DBA300AF8A0A /* XCRemoteSwiftPackageReference "RxSwift" */;
			productName = RxSwift;
		};
		D28B90A02AE8DBA300AF8A0A /* RxSwift-Dynamic */ = {
			isa = XCSwiftPackageProductDependency;
			package = D28B90952AE8DBA300AF8A0A /* XCRemoteSwiftPackageReference "RxSwift" */;
			productName = "RxSwift-Dynamic";
		};
/* End XCSwiftPackageProductDependency section */
	};
	rootObject = D28B90572AE8B1C900AF8A0A /* Project object */;
}
